# THIS IS AN AUTOGENERATED FILE. DO NOT EDIT THIS FILE DIRECTLY.
# yarn lockfile v1


"@tinyhttp/accepts@2.0.5":
  version "2.0.5"
  resolved "https://registry.yarnpkg.com/@tinyhttp/accepts/-/accepts-2.0.5.tgz#1b9292d1926301f4c3c5ad1c825f7688fd74f454"
  integrity sha512-Y3s/uJ+Ju+joEOniWCjNvLh+f+V30pdO3eWniQLEZUD07YK19NPzq4lUiJrFd/OveWA6axZa1rd8gcXCdOxxAg==
  dependencies:
    es-mime-types "^0.1.4"
    negotiator "^0.6.2"

"@tinyhttp/app@^2.0.20":
  version "2.0.20"
  resolved "https://registry.yarnpkg.com/@tinyhttp/app/-/app-2.0.20.tgz#7e819913e47678f9cb768052e725772eb4aed210"
  integrity sha512-QIv7wwsZ14dovGy347VJ+1D9HvceQERPugHEGZ18RY5Svk885fackk/orcu1k5GDXFhobezFw9NChGCzfmuQSA==
  dependencies:
    "@tinyhttp/cookie" "2.0.3"
    "@tinyhttp/proxy-addr" "2.0.3"
    "@tinyhttp/req" "2.0.12"
    "@tinyhttp/res" "2.0.15"
    "@tinyhttp/router" "2.0.4"
    header-range-parser "1.1.3"
    regexparam "^2.0.0"

"@tinyhttp/content-disposition@2.0.5":
  version "2.0.5"
  resolved "https://registry.yarnpkg.com/@tinyhttp/content-disposition/-/content-disposition-2.0.5.tgz#dc17d67b26697990bf0dac0d8f5ad03cc99b3d96"
  integrity sha512-glfgD8Ae1HwF7QntvD1jAr/ieHmGmU4drcH7AeXkK6uj/GyCSRw9yPgSfYqjBkEeP1hR19ZTDi5rrKMIFifesA==

"@tinyhttp/cookie-signature@2.0.3":
  version "2.0.3"
  resolved "https://registry.yarnpkg.com/@tinyhttp/cookie-signature/-/cookie-signature-2.0.3.tgz#939f4bf8c2b5613afb88cfa2c1d107533c66db1a"
  integrity sha512-sc9qXDTS5qG32ZykBxLIJeGr9GbEr/oY5nDQTZFrCTQ7TdfUjHntSt0ZecPb36xZLsoiRA4RWp3cPC8X1YRu5A==

"@tinyhttp/cookie@2.0.3":
  version "2.0.3"
  resolved "https://registry.yarnpkg.com/@tinyhttp/cookie/-/cookie-2.0.3.tgz#3d07d247258faae2e4935a7a09cbd6b8ffa898b5"
  integrity sha512-ZHvDHyNc0VwKLgFqwCNbrMObJqJHKQNnMARdPlK2+VvKVB3h/ZT5kYAXYFxxWFJFNqXaXz0E7i2kX32bMeMGUw==

"@tinyhttp/encode-url@2.0.4":
  version "2.0.4"
  resolved "https://registry.yarnpkg.com/@tinyhttp/encode-url/-/encode-url-2.0.4.tgz#caa3d693801c8e7bb70ba80feee02f9a6d5eae55"
  integrity sha512-vnofujyKQc5JlsqwSoQVskDIST0zmz8CRwckm/i1PFfvpMqRgzgbS1yFXhUNlb2ZDV4mKknCt6nf6drhJSVbuA==

"@tinyhttp/etag@2.0.3":
  version "2.0.3"
  resolved "https://registry.yarnpkg.com/@tinyhttp/etag/-/etag-2.0.3.tgz#d3ede4fc5dd41b0b12f879804e0d1b240631fafb"
  integrity sha512-mK0gL5KEd4gUjSrOqQLhJnZgn3MXfFrg7g1JDuGmQpjSHBcfCccqyHv9OFFaPBQjK/yEGC7XC+iUCzLMhWjTng==

"@tinyhttp/forwarded@2.0.3":
  version "2.0.3"
  resolved "https://registry.yarnpkg.com/@tinyhttp/forwarded/-/forwarded-2.0.3.tgz#5a31ae029cc0247dfbe6335f1a1e8fc4f46e56e7"
  integrity sha512-K3309+ZuIL4nEAtBbXmigeuRbVYdDGiusT2niP/bSJbtrRhaGSIifYucEYPnOYiUzh+uxn0QpsOOjSKUCF4cXQ==

"@tinyhttp/logger@^1.3.0":
  version "1.3.0"
  resolved "https://registry.yarnpkg.com/@tinyhttp/logger/-/logger-1.3.0.tgz#3924b16449277ac9e950e8d70fb26ce5d16c4327"
  integrity sha512-u8vbW8OEPur3ZlkJGNO+Nl/xw78cdIaDAcWMUEg7o3UY9L5xezMQcLBPX8ykJLEB+Yl+BDmTvt1s1LzkwM6mNQ==
  dependencies:
    colorette "^1.2.2"
    dayjs "^1.10.4"
    http-status-emojis "^2.2.0"

"@tinyhttp/proxy-addr@2.0.3":
  version "2.0.3"
  resolved "https://registry.yarnpkg.com/@tinyhttp/proxy-addr/-/proxy-addr-2.0.3.tgz#2fc33f69573971d7f907e5166273528ef9e9b0f3"
  integrity sha512-Fm1DTq2k4fqdTwK+UQ+YR+0zwv2cIV1lIfaW/VYM6Za7vTJHAphilf5IPkjyBsdf9Fa/jDwHo8WCak6yI2I+jQ==
  dependencies:
    "@tinyhttp/forwarded" "2.0.3"
    ipaddr.js "^2.0.1"

"@tinyhttp/req@2.0.12":
  version "2.0.12"
  resolved "https://registry.yarnpkg.com/@tinyhttp/req/-/req-2.0.12.tgz#3d23f156ce72de561b62e4d693fd975beb01cb7a"
  integrity sha512-adqVhev9iG7aTYoTXu2WCqWlnAgBJubbqIE+1L/5EimNDgnvd1nxkQAsuqEmrsm1SZiPXB2HYA1rFSKRJBsC7w==
  dependencies:
    "@tinyhttp/accepts" "2.0.5"
    "@tinyhttp/type-is" "2.0.4"
    "@tinyhttp/url" "2.0.5"
    es-fresh "^0.0.10"
    header-range-parser "^1.1.3"

"@tinyhttp/res@2.0.15":
  version "2.0.15"
  resolved "https://registry.yarnpkg.com/@tinyhttp/res/-/res-2.0.15.tgz#01614de91581a2c39987b050b95c5c73a6637829"
  integrity sha512-OA0wbyBrAPBa9HUnZ68acIkrHcAd5o+z9Zj5q6ZO9HJZ2EjojQ18OzH1/PSO4fz1zqhT8vk1lY9BXjCk7oVA6w==
  dependencies:
    "@tinyhttp/content-disposition" "2.0.5"
    "@tinyhttp/cookie" "2.0.3"
    "@tinyhttp/cookie-signature" "2.0.3"
    "@tinyhttp/encode-url" "2.0.4"
    "@tinyhttp/req" "2.0.12"
    "@tinyhttp/send" "2.0.4"
    es-escape-html "^0.1.1"
    es-mime-types "^0.1.4"
    es-vary "^0.1.1"

"@tinyhttp/router@2.0.4":
  version "2.0.4"
  resolved "https://registry.yarnpkg.com/@tinyhttp/router/-/router-2.0.4.tgz#d32e4deacacf09eb512fe574df1730279e3cc899"
  integrity sha512-mO8jWrB951UTkX8akzhHa5UMjQKleNhbQDnd4EZSA7VOXE9n28tqHmYgg1G/czDL6gwRl6Bppj5crJIbvMDGwg==

"@tinyhttp/send@2.0.4":
  version "2.0.4"
  resolved "https://registry.yarnpkg.com/@tinyhttp/send/-/send-2.0.4.tgz#b4853fb28825ff322bc403cb269b6d4ae3361c75"
  integrity sha512-HISD5WB1IFGmXitpRt9A+xImHTkbUDd4FZQJdECIPL2kodIHIwHgUFefOPs+pJxdozZwK63Pwe+gMQu5VK6MyA==
  dependencies:
    "@tinyhttp/etag" "2.0.3"
    es-content-type "^0.1.0"
    es-mime-types "^0.1.4"

"@tinyhttp/type-is@2.0.4":
  version "2.0.4"
  resolved "https://registry.yarnpkg.com/@tinyhttp/type-is/-/type-is-2.0.4.tgz#fcdaf81c6f0b5218b00c693f16bd72331b3df682"
  integrity sha512-MpGt6ikISUVEhikmbv3tPgDNiy/9L3/WocR76bAIPp1JdyQlYqeQ1jCze5E3tPQ4gtTIb1rwdptHVBq4NkwwHw==
  dependencies:
    es-content-type "^0.1.0"
    es-mime-types "^0.1.4"

"@tinyhttp/url@2.0.5":
  version "2.0.5"
  resolved "https://registry.yarnpkg.com/@tinyhttp/url/-/url-2.0.5.tgz#7f9e3615a5e8ad94c06cb3835aee42d9fd36126a"
  integrity sha512-NXQAaUa7p5pgd1oUF5VuzLyqVVoMqNvraUI8QkSL0TlRSfgOVLg5PQ2xbk0TYU03SGwHm8w1ZBl9lymeJCLphg==

colorette@^1.2.2:
  version "1.4.0"
  resolved "https://registry.yarnpkg.com/colorette/-/colorette-1.4.0.tgz#5190fbb87276259a86ad700bff2c6d6faa3fca40"
  integrity sha512-Y2oEozpomLn7Q3HFP7dpww7AtMJplbM9lGZP6RDfHqmbeRjiwRg4n6VM6j4KLmRke85uWEI7JqF17f3pqdRA0g==

dayjs@^1.10.4:
  version "1.11.1"
  resolved "https://registry.yarnpkg.com/dayjs/-/dayjs-1.11.1.tgz#90b33a3dda3417258d48ad2771b415def6545eb0"
  integrity sha512-ER7EjqVAMkRRsxNCC5YqJ9d9VQYuWdGt7aiH2qA5R5wt8ZmWaP2dLUSIK6y/kVzLMlmh1Tvu5xUf4M/wdGJ5KA==

es-content-type@^0.1.0:
  version "0.1.0"
  resolved "https://registry.yarnpkg.com/es-content-type/-/es-content-type-0.1.0.tgz#711efbc3c6c1c58c83ca808f6a0fec56d11bc3c8"
  integrity sha512-DqWU9pSzhNlO10q+NQ/KebImLkKbwbcy0pSv3hNQfEpKFHsrqDJz2vajpZdq7nkiG9DoJcTh22oHGymp7XJd9g==

es-escape-html@^0.1.1:
  version "0.1.1"
  resolved "https://registry.yarnpkg.com/es-escape-html/-/es-escape-html-0.1.1.tgz#9a582d49754ec6204524952c76a383fe5f03c1c0"
  integrity sha512-yUx1o+8RsG7UlszmYPtks+dm6Lho2m8lgHMOsLJQsFI0R8XwUJwiMhM1M4E/S8QLeGyf6MkDV/pWgjQ0tdTSyQ==

es-fresh@^0.0.10:
  version "0.0.10"
  resolved "https://registry.yarnpkg.com/es-fresh/-/es-fresh-0.0.10.tgz#c746507680980d5894c9bce017da8ff8fe98e2e6"
  integrity sha512-/e5etUqtxj7JktALldpsDNC84DOHavN9PqojnTTGeX1M2/Q4/SF8d55d7AsB3n66WYS43hdBbn0sAllto5kSIg==

es-mime-types@^0.1.4:
  version "0.1.4"
  resolved "https://registry.yarnpkg.com/es-mime-types/-/es-mime-types-0.1.4.tgz#a88584e7fc9b589c289f125663d8e2f8d72d7df0"
  integrity sha512-rUrmfrUIHU/4ykYB+YH80LDiSpmn6sE/A9E8EsFZP4LCtf/PH+ju6d6goFJ8fsGf81pRtQn1cJSmp8JGA9YkfQ==
  dependencies:
    mime-db "^1.50.0"

es-vary@^0.1.1:
  version "0.1.2"
  resolved "https://registry.yarnpkg.com/es-vary/-/es-vary-0.1.2.tgz#d02940618962e2ffbdde9eedb876bec4c9e06f6c"
  integrity sha512-pLqqZoOutAXQXyBJrUYVNM5fZngiOJYi1Xl4svQMrluTsqDUOQlBMw9EYgLrsWL6niDYn/Yd1y2Pj6GC+j/yjA==

header-range-parser@1.1.3, header-range-parser@^1.1.3:
  version "1.1.3"
  resolved "https://registry.yarnpkg.com/header-range-parser/-/header-range-parser-1.1.3.tgz#6414b5b12e3b645d29d85225a58fd207d66d30ef"
  integrity sha512-B9zCFt3jH8g09LR1vHL4pcAn8yMEtlSlOUdQemzHMRKMImNIhhszdeosYFfNW0WXKQtXIlWB+O4owHJKvEJYaA==

http-status-emojis@^2.2.0:
  version "2.2.0"
  resolved "https://registry.yarnpkg.com/http-status-emojis/-/http-status-emojis-2.2.0.tgz#2cf3316f0c1610c4fc94c6fccdada35aa70f992a"
  integrity sha512-ompKtgwpx8ff0hsbpIB7oE4ax1LXoHmftsHHStMELX56ivG3GhofTX8ZHWlUaFKfGjcGjw6G3rPk7dJRXMmbbg==

ipaddr.js@^2.0.1:
  version "2.0.1"
  resolved "https://registry.yarnpkg.com/ipaddr.js/-/ipaddr.js-2.0.1.tgz#eca256a7a877e917aeb368b0a7497ddf42ef81c0"
  integrity sha512-1qTgH9NG+IIJ4yfKs2e6Pp1bZg8wbDbKHT21HrLIeYBTRLgMYKnMTPAuI3Lcs61nfx5h1xlXnbJtH1kX5/d/ng==

mime-db@^1.50.0:
  version "1.52.0"
  resolved "https://registry.yarnpkg.com/mime-db/-/mime-db-1.52.0.tgz#bbabcdc02859f4987301c856e3387ce5ec43bf70"
  integrity sha512-sPU4uV7dYlvtWJxwwxHD0PuihVNiE7TyAbQ5SWxDCB9mUYvOgroQOwYQQOKPJ8CIbE+1ETVlOoK1UC2nU3gYvg==

negotiator@^0.6.2:
  version "0.6.3"
  resolved "https://registry.yarnpkg.com/negotiator/-/negotiator-0.6.3.tgz#58e323a72fedc0d6f9cd4d31fe49f51479590ccd"
  integrity sha512-+EUsqGPLsM+j/zdChZjsnX51g4XrHFOIXwfnCVPGlQk/k5giakcKsuxCObBRu6DSm9opw/O6slWbJdghQM4bBg==

regexparam@^2.0.0:
  version "2.0.0"
  resolved "https://registry.yarnpkg.com/regexparam/-/regexparam-2.0.0.tgz#059476767d5f5f87f735fc7922d133fd1a118c8c"
  integrity sha512-gJKwd2MVPWHAIFLsaYDZfyKzHNS4o7E/v8YmNf44vmeV2e4YfVoDToTOKTvE7ab68cRJ++kLuEXJBaEeJVt5ow==
